
Microsoft Visual Studio Solution File, Format Version 12.00
# Visual Studio Version 17
VisualStudioVersion = 17.8.34511.84
MinimumVisualStudioVersion = 10.0.40219.1
Project("{2150E333-8FDC-42A3-9474-1A3956D46DE8}") = "1-Services", "1-Services", "{152921A3-CFD0-4E2F-94EB-BEBB2A28FCF2}"
EndProject
Project("{2150E333-8FDC-42A3-9474-1A3956D46DE8}") = "2-Application", "2-Application", "{C5C24D30-6BBD-4218-B031-58C0263BA2D0}"
EndProject
Project("{2150E333-8FDC-42A3-9474-1A3956D46DE8}") = "3-Domain", "3-Domain", "{7A0A1C93-2F2F-4D88-998A-F48D463A4BBA}"
EndProject
Project("{2150E333-8FDC-42A3-9474-1A3956D46DE8}") = "4-Infrastructure", "4-Infrastructure", "{C8FF08C3-8226-4AC5-A7DA-A052964885B5}"
EndProject
Project("{FAE04EC0-301F-11D3-BF4B-00C04F79EFBC}") = "RestApiModeloDDD.API", "RestApiModeloDDD.API\RestApiModeloDDD.API.csproj", "{ABADE29A-65F5-4BBD-8484-365B1FAD8FE5}"
EndProject
Project("{FAE04EC0-301F-11D3-BF4B-00C04F79EFBC}") = "RestApiModeloDDD.Application", "RestApiModeloDDD.Application\RestApiModeloDDD.Application.csproj", "{8B9156E2-84B0-42F0-8D7C-260E12D99A6C}"
EndProject
Project("{FAE04EC0-301F-11D3-BF4B-00C04F79EFBC}") = "RestApiModeloDDD.Domain", "RestApiModeloDDD.Domain\RestApiModeloDDD.Domain.csproj", "{210174FD-B426-488F-B2EB-D5684DFBD29D}"
EndProject
Project("{FAE04EC0-301F-11D3-BF4B-00C04F79EFBC}") = "RestApiModeloDDD.Infrastructure", "RestApiModeloDDD.Infrastructure\RestApiModeloDDD.Infrastructure.csproj", "{EB353633-5E7A-483B-9F91-5D1469D02856}"
EndProject
Project("{FAE04EC0-301F-11D3-BF4B-00C04F79EFBC}") = "RestApiModeloDDD.Domain.Core", "RestApiModeloDDD.Domain.Core\RestApiModeloDDD.Domain.Core.csproj", "{12F64E72-2A2B-4EB8-B9EB-B7EB4B71EB80}"
EndProject
Project("{FAE04EC0-301F-11D3-BF4B-00C04F79EFBC}") = "RestApiModeloDDD.Domain.Services", "RestApiModeloDDD.Domain.Services\RestApiModeloDDD.Domain.Services.csproj", "{61274DF4-B356-455C-8CED-A29BB7F450B0}"
EndProject
Global
	GlobalSection(SolutionConfigurationPlatforms) = preSolution
		Debug|Any CPU = Debug|Any CPU
		Release|Any CPU = Release|Any CPU
	EndGlobalSection
	GlobalSection(ProjectConfigurationPlatforms) = postSolution
		{ABADE29A-65F5-4BBD-8484-365B1FAD8FE5}.Debug|Any CPU.ActiveCfg = Debug|Any CPU
		{ABADE29A-65F5-4BBD-8484-365B1FAD8FE5}.Debug|Any CPU.Build.0 = Debug|Any CPU
		{ABADE29A-65F5-4BBD-8484-365B1FAD8FE5}.Release|Any CPU.ActiveCfg = Release|Any CPU
		{ABADE29A-65F5-4BBD-8484-365B1FAD8FE5}.Release|Any CPU.Build.0 = Release|Any CPU
		{8B9156E2-84B0-42F0-8D7C-260E12D99A6C}.Debug|Any CPU.ActiveCfg = Debug|Any CPU
		{8B9156E2-84B0-42F0-8D7C-260E12D99A6C}.Debug|Any CPU.Build.0 = Debug|Any CPU
		{8B9156E2-84B0-42F0-8D7C-260E12D99A6C}.Release|Any CPU.ActiveCfg = Release|Any CPU
		{8B9156E2-84B0-42F0-8D7C-260E12D99A6C}.Release|Any CPU.Build.0 = Release|Any CPU
		{210174FD-B426-488F-B2EB-D5684DFBD29D}.Debug|Any CPU.ActiveCfg = Debug|Any CPU
		{210174FD-B426-488F-B2EB-D5684DFBD29D}.Debug|Any CPU.Build.0 = Debug|Any CPU
		{210174FD-B426-488F-B2EB-D5684DFBD29D}.Release|Any CPU.ActiveCfg = Release|Any CPU
		{210174FD-B426-488F-B2EB-D5684DFBD29D}.Release|Any CPU.Build.0 = Release|Any CPU
		{EB353633-5E7A-483B-9F91-5D1469D02856}.Debug|Any CPU.ActiveCfg = Debug|Any CPU
		{EB353633-5E7A-483B-9F91-5D1469D02856}.Debug|Any CPU.Build.0 = Debug|Any CPU
		{EB353633-5E7A-483B-9F91-5D1469D02856}.Release|Any CPU.ActiveCfg = Release|Any CPU
		{EB353633-5E7A-483B-9F91-5D1469D02856}.Release|Any CPU.Build.0 = Release|Any CPU
		{12F64E72-2A2B-4EB8-B9EB-B7EB4B71EB80}.Debug|Any CPU.ActiveCfg = Debug|Any CPU
		{12F64E72-2A2B-4EB8-B9EB-B7EB4B71EB80}.Debug|Any CPU.Build.0 = Debug|Any CPU
		{12F64E72-2A2B-4EB8-B9EB-B7EB4B71EB80}.Release|Any CPU.ActiveCfg = Release|Any CPU
		{12F64E72-2A2B-4EB8-B9EB-B7EB4B71EB80}.Release|Any CPU.Build.0 = Release|Any CPU
		{61274DF4-B356-455C-8CED-A29BB7F450B0}.Debug|Any CPU.ActiveCfg = Debug|Any CPU
		{61274DF4-B356-455C-8CED-A29BB7F450B0}.Debug|Any CPU.Build.0 = Debug|Any CPU
		{61274DF4-B356-455C-8CED-A29BB7F450B0}.Release|Any CPU.ActiveCfg = Release|Any CPU
		{61274DF4-B356-455C-8CED-A29BB7F450B0}.Release|Any CPU.Build.0 = Release|Any CPU
	EndGlobalSection
	GlobalSection(SolutionProperties) = preSolution
		HideSolutionNode = FALSE
	EndGlobalSection
	GlobalSection(NestedProjects) = preSolution
		{ABADE29A-65F5-4BBD-8484-365B1FAD8FE5} = {152921A3-CFD0-4E2F-94EB-BEBB2A28FCF2}
		{8B9156E2-84B0-42F0-8D7C-260E12D99A6C} = {C5C24D30-6BBD-4218-B031-58C0263BA2D0}
		{210174FD-B426-488F-B2EB-D5684DFBD29D} = {7A0A1C93-2F2F-4D88-998A-F48D463A4BBA}
		{EB353633-5E7A-483B-9F91-5D1469D02856} = {C8FF08C3-8226-4AC5-A7DA-A052964885B5}
		{12F64E72-2A2B-4EB8-B9EB-B7EB4B71EB80} = {7A0A1C93-2F2F-4D88-998A-F48D463A4BBA}
		{61274DF4-B356-455C-8CED-A29BB7F450B0} = {7A0A1C93-2F2F-4D88-998A-F48D463A4BBA}
	EndGlobalSection
	GlobalSection(ExtensibilityGlobals) = postSolution
		SolutionGuid = {C0FBE7FC-CE9C-4CCD-9542-7418DD628A4C}
	EndGlobalSection
EndGlobal
